
Microsoft Visual Studio Solution File, Format Version 12.00
# Visual Studio Version 18
VisualStudioVersion = 18.4.11612.150 stable
MinimumVisualStudioVersion = 10.0.40219.1
Project("{9A19103F-16F7-4668-BE54-9A1E7A4F7556}") = "Uixe.Watcher", "Uixe.Watcher\Uixe.Watcher.csproj", "{A41303DC-D78F-48C8-9184-AB1CB237DE2E}"
EndProject
Project("{2150E333-8FDC-42A3-9474-1A3956D46DE8}") = "Solution Items", "Solution Items", "{8B3B5CF7-AB25-4026-889F-C797AAF428D7}"
	ProjectSection(SolutionItems) = preProject
		.gitignore = .gitignore
		GitVersion.yml = GitVersion.yml
		README.md = README.md
		docs\交通事件管理接口文档.md = docs\交通事件管理接口文档.md
	EndProjectSection
EndProject
Project("{FAE04EC0-301F-11D3-BF4B-00C04F79EFBC}") = "libvlc_zip", "libvlc_zip\libvlc_zip.csproj", "{D7F36F67-9874-4BDD-A98F-52FAE0D53F1A}"
EndProject
Project("{9A19103F-16F7-4668-BE54-9A1E7A4F7556}") = "Uixe.Copilot.Contracts", "src\Uixe.Copilot.Contracts\Uixe.Copilot.Contracts.csproj", "{F1C7AAE1-4A64-4B23-BABC-8E2AB4FE0A11}"
EndProject
Project("{9A19103F-16F7-4668-BE54-9A1E7A4F7556}") = "Uixe.Copilot.Domain", "src\Uixe.Copilot.Domain\Uixe.Copilot.Domain.csproj", "{AF91E624-E546-43A7-8ACB-A1E70C19F601}"
EndProject
Project("{9A19103F-16F7-4668-BE54-9A1E7A4F7556}") = "Uixe.Copilot.Application", "src\Uixe.Copilot.Application\Uixe.Copilot.Application.csproj", "{D11F5451-60CB-4A4A-9CC4-3907987FD63D}"
EndProject
Project("{9A19103F-16F7-4668-BE54-9A1E7A4F7556}") = "Uixe.Copilot.Infrastructure", "src\Uixe.Copilot.Infrastructure\Uixe.Copilot.Infrastructure.csproj", "{71C51B79-6A0E-4AFE-97EA-0E8D8E5B5AEC}"
EndProject
Project("{9A19103F-16F7-4668-BE54-9A1E7A4F7556}") = "Uixe.Copilot.Api", "src\Uixe.Copilot.Api\Uixe.Copilot.Api.csproj", "{30338AA5-70AD-4860-A284-B63E8D31E9CF}"
EndProject
Project("{FAE04EC0-301F-11D3-BF4B-00C04F79EFBC}") = "Uixe.Copilot.Application.Tests", "tests\Uixe.Copilot.Application.Tests\Uixe.Copilot.Application.Tests.csproj", "{EA32B868-402D-4E49-AE44-8F44706F74B1}"
EndProject
Project("{FAE04EC0-301F-11D3-BF4B-00C04F79EFBC}") = "Uixe.Copilot.Api.Tests", "tests\Uixe.Copilot.Api.Tests\Uixe.Copilot.Api.Tests.csproj", "{FD3A5621-0E8E-4404-B4B8-F62608790D86}"
EndProject
Global
	GlobalSection(SolutionConfigurationPlatforms) = preSolution
		Debug|Any CPU = Debug|Any CPU
		Debug|x64 = Debug|x64
		Debug|x86 = Debug|x86
		Release|Any CPU = Release|Any CPU
		Release|x64 = Release|x64
		Release|x86 = Release|x86
	EndGlobalSection
	GlobalSection(ProjectConfigurationPlatforms) = postSolution
		{A41303DC-D78F-48C8-9184-AB1CB237DE2E}.Debug|Any CPU.ActiveCfg = Debug|Any CPU
		{A41303DC-D78F-48C8-9184-AB1CB237DE2E}.Debug|Any CPU.Build.0 = Debug|Any CPU
		{A41303DC-D78F-48C8-9184-AB1CB237DE2E}.Debug|x64.ActiveCfg = Debug|Any CPU
		{A41303DC-D78F-48C8-9184-AB1CB237DE2E}.Debug|x64.Build.0 = Debug|Any CPU
		{A41303DC-D78F-48C8-9184-AB1CB237DE2E}.Debug|x86.ActiveCfg = Debug|x64
		{A41303DC-D78F-48C8-9184-AB1CB237DE2E}.Debug|x86.Build.0 = Debug|x64
		{A41303DC-D78F-48C8-9184-AB1CB237DE2E}.Release|Any CPU.ActiveCfg = Release|Any CPU
		{A41303DC-D78F-48C8-9184-AB1CB237DE2E}.Release|Any CPU.Build.0 = Release|Any CPU
		{A41303DC-D78F-48C8-9184-AB1CB237DE2E}.Release|x64.ActiveCfg = Release|x64
		{A41303DC-D78F-48C8-9184-AB1CB237DE2E}.Release|x64.Build.0 = Release|x64
		{A41303DC-D78F-48C8-9184-AB1CB237DE2E}.Release|x86.ActiveCfg = Release|x86
		{A41303DC-D78F-48C8-9184-AB1CB237DE2E}.Release|x86.Build.0 = Release|x86
		{D7F36F67-9874-4BDD-A98F-52FAE0D53F1A}.Debug|Any CPU.ActiveCfg = Debug|Any CPU
		{D7F36F67-9874-4BDD-A98F-52FAE0D53F1A}.Debug|Any CPU.Build.0 = Debug|Any CPU
		{D7F36F67-9874-4BDD-A98F-52FAE0D53F1A}.Debug|x64.ActiveCfg = Debug|Any CPU
		{D7F36F67-9874-4BDD-A98F-52FAE0D53F1A}.Debug|x64.Build.0 = Debug|Any CPU
		{D7F36F67-9874-4BDD-A98F-52FAE0D53F1A}.Debug|x86.ActiveCfg = Debug|Any CPU
		{D7F36F67-9874-4BDD-A98F-52FAE0D53F1A}.Debug|x86.Build.0 = Debug|Any CPU
		{D7F36F67-9874-4BDD-A98F-52FAE0D53F1A}.Release|Any CPU.ActiveCfg = Release|Any CPU
		{D7F36F67-9874-4BDD-A98F-52FAE0D53F1A}.Release|Any CPU.Build.0 = Release|Any CPU
		{D7F36F67-9874-4BDD-A98F-52FAE0D53F1A}.Release|x64.ActiveCfg = Release|Any CPU
		{D7F36F67-9874-4BDD-A98F-52FAE0D53F1A}.Release|x64.Build.0 = Release|Any CPU
		{D7F36F67-9874-4BDD-A98F-52FAE0D53F1A}.Release|x86.ActiveCfg = Release|Any CPU
		{D7F36F67-9874-4BDD-A98F-52FAE0D53F1A}.Release|x86.Build.0 = Release|Any CPU
		{F1C7AAE1-4A64-4B23-BABC-8E2AB4FE0A11}.Debug|Any CPU.ActiveCfg = Debug|Any CPU
		{F1C7AAE1-4A64-4B23-BABC-8E2AB4FE0A11}.Debug|Any CPU.Build.0 = Debug|Any CPU
		{F1C7AAE1-4A64-4B23-BABC-8E2AB4FE0A11}.Debug|x64.ActiveCfg = Debug|Any CPU
		{F1C7AAE1-4A64-4B23-BABC-8E2AB4FE0A11}.Debug|x64.Build.0 = Debug|Any CPU
		{F1C7AAE1-4A64-4B23-BABC-8E2AB4FE0A11}.Debug|x86.ActiveCfg = Debug|Any CPU
		{F1C7AAE1-4A64-4B23-BABC-8E2AB4FE0A11}.Debug|x86.Build.0 = Debug|Any CPU
		{F1C7AAE1-4A64-4B23-BABC-8E2AB4FE0A11}.Release|Any CPU.ActiveCfg = Release|Any CPU
		{F1C7AAE1-4A64-4B23-BABC-8E2AB4FE0A11}.Release|Any CPU.Build.0 = Release|Any CPU
		{F1C7AAE1-4A64-4B23-BABC-8E2AB4FE0A11}.Release|x64.ActiveCfg = Release|Any CPU
		{F1C7AAE1-4A64-4B23-BABC-8E2AB4FE0A11}.Release|x64.Build.0 = Release|Any CPU
		{F1C7AAE1-4A64-4B23-BABC-8E2AB4FE0A11}.Release|x86.ActiveCfg = Release|Any CPU
		{F1C7AAE1-4A64-4B23-BABC-8E2AB4FE0A11}.Release|x86.Build.0 = Release|Any CPU
		{AF91E624-E546-43A7-8ACB-A1E70C19F601}.Debug|Any CPU.ActiveCfg = Debug|Any CPU
		{AF91E624-E546-43A7-8ACB-A1E70C19F601}.Debug|Any CPU.Build.0 = Debug|Any CPU
		{AF91E624-E546-43A7-8ACB-A1E70C19F601}.Debug|x64.ActiveCfg = Debug|Any CPU
		{AF91E624-E546-43A7-8ACB-A1E70C19F601}.Debug|x64.Build.0 = Debug|Any CPU
		{AF91E624-E546-43A7-8ACB-A1E70C19F601}.Debug|x86.ActiveCfg = Debug|Any CPU
		{AF91E624-E546-43A7-8ACB-A1E70C19F601}.Debug|x86.Build.0 = Debug|Any CPU
		{AF91E624-E546-43A7-8ACB-A1E70C19F601}.Release|Any CPU.ActiveCfg = Release|Any CPU
		{AF91E624-E546-43A7-8ACB-A1E70C19F601}.Release|Any CPU.Build.0 = Release|Any CPU
		{AF91E624-E546-43A7-8ACB-A1E70C19F601}.Release|x64.ActiveCfg = Release|Any CPU
		{AF91E624-E546-43A7-8ACB-A1E70C19F601}.Release|x64.Build.0 = Release|Any CPU
		{AF91E624-E546-43A7-8ACB-A1E70C19F601}.Release|x86.ActiveCfg = Release|Any CPU
		{AF91E624-E546-43A7-8ACB-A1E70C19F601}.Release|x86.Build.0 = Release|Any CPU
		{D11F5451-60CB-4A4A-9CC4-3907987FD63D}.Debug|Any CPU.ActiveCfg = Debug|Any CPU
		{D11F5451-60CB-4A4A-9CC4-3907987FD63D}.Debug|Any CPU.Build.0 = Debug|Any CPU
		{D11F5451-60CB-4A4A-9CC4-3907987FD63D}.Debug|x64.ActiveCfg = Debug|Any CPU
		{D11F5451-60CB-4A4A-9CC4-3907987FD63D}.Debug|x64.Build.0 = Debug|Any CPU
		{D11F5451-60CB-4A4A-9CC4-3907987FD63D}.Debug|x86.ActiveCfg = Debug|Any CPU
		{D11F5451-60CB-4A4A-9CC4-3907987FD63D}.Debug|x86.Build.0 = Debug|Any CPU
		{D11F5451-60CB-4A4A-9CC4-3907987FD63D}.Release|Any CPU.ActiveCfg = Release|Any CPU
		{D11F5451-60CB-4A4A-9CC4-3907987FD63D}.Release|Any CPU.Build.0 = Release|Any CPU
		{D11F5451-60CB-4A4A-9CC4-3907987FD63D}.Release|x64.ActiveCfg = Release|Any CPU
		{D11F5451-60CB-4A4A-9CC4-3907987FD63D}.Release|x64.Build.0 = Release|Any CPU
		{D11F5451-60CB-4A4A-9CC4-3907987FD63D}.Release|x86.ActiveCfg = Release|Any CPU
		{D11F5451-60CB-4A4A-9CC4-3907987FD63D}.Release|x86.Build.0 = Release|Any CPU
		{71C51B79-6A0E-4AFE-97EA-0E8D8E5B5AEC}.Debug|Any CPU.ActiveCfg = Debug|Any CPU
		{71C51B79-6A0E-4AFE-97EA-0E8D8E5B5AEC}.Debug|Any CPU.Build.0 = Debug|Any CPU
		{71C51B79-6A0E-4AFE-97EA-0E8D8E5B5AEC}.Debug|x64.ActiveCfg = Debug|Any CPU
		{71C51B79-6A0E-4AFE-97EA-0E8D8E5B5AEC}.Debug|x64.Build.0 = Debug|Any CPU
		{71C51B79-6A0E-4AFE-97EA-0E8D8E5B5AEC}.Debug|x86.ActiveCfg = Debug|Any CPU
		{71C51B79-6A0E-4AFE-97EA-0E8D8E5B5AEC}.Debug|x86.Build.0 = Debug|Any CPU
		{71C51B79-6A0E-4AFE-97EA-0E8D8E5B5AEC}.Release|Any CPU.ActiveCfg = Release|Any CPU
		{71C51B79-6A0E-4AFE-97EA-0E8D8E5B5AEC}.Release|Any CPU.Build.0 = Release|Any CPU
		{71C51B79-6A0E-4AFE-97EA-0E8D8E5B5AEC}.Release|x64.ActiveCfg = Release|Any CPU
		{71C51B79-6A0E-4AFE-97EA-0E8D8E5B5AEC}.Release|x64.Build.0 = Release|Any CPU
		{71C51B79-6A0E-4AFE-97EA-0E8D8E5B5AEC}.Release|x86.ActiveCfg = Release|Any CPU
		{71C51B79-6A0E-4AFE-97EA-0E8D8E5B5AEC}.Release|x86.Build.0 = Release|Any CPU
		{30338AA5-70AD-4860-A284-B63E8D31E9CF}.Debug|Any CPU.ActiveCfg = Debug|Any CPU
		{30338AA5-70AD-4860-A284-B63E8D31E9CF}.Debug|Any CPU.Build.0 = Debug|Any CPU
		{30338AA5-70AD-4860-A284-B63E8D31E9CF}.Debug|x64.ActiveCfg = Debug|Any CPU
		{30338AA5-70AD-4860-A284-B63E8D31E9CF}.Debug|x64.Build.0 = Debug|Any CPU
		{30338AA5-70AD-4860-A284-B63E8D31E9CF}.Debug|x86.ActiveCfg = Debug|Any CPU
		{30338AA5-70AD-4860-A284-B63E8D31E9CF}.Debug|x86.Build.0 = Debug|Any CPU
		{30338AA5-70AD-4860-A284-B63E8D31E9CF}.Release|Any CPU.ActiveCfg = Release|Any CPU
		{30338AA5-70AD-4860-A284-B63E8D31E9CF}.Release|Any CPU.Build.0 = Release|Any CPU
		{30338AA5-70AD-4860-A284-B63E8D31E9CF}.Release|x64.ActiveCfg = Release|Any CPU
		{30338AA5-70AD-4860-A284-B63E8D31E9CF}.Release|x64.Build.0 = Release|Any CPU
		{30338AA5-70AD-4860-A284-B63E8D31E9CF}.Release|x86.ActiveCfg = Release|Any CPU
		{30338AA5-70AD-4860-A284-B63E8D31E9CF}.Release|x86.Build.0 = Release|Any CPU
		{EA32B868-402D-4E49-AE44-8F44706F74B1}.Debug|Any CPU.ActiveCfg = Debug|Any CPU
		{EA32B868-402D-4E49-AE44-8F44706F74B1}.Debug|Any CPU.Build.0 = Debug|Any CPU
		{EA32B868-402D-4E49-AE44-8F44706F74B1}.Debug|x64.ActiveCfg = Debug|Any CPU
		{EA32B868-402D-4E49-AE44-8F44706F74B1}.Debug|x64.Build.0 = Debug|Any CPU
		{EA32B868-402D-4E49-AE44-8F44706F74B1}.Debug|x86.ActiveCfg = Debug|Any CPU
		{EA32B868-402D-4E49-AE44-8F44706F74B1}.Debug|x86.Build.0 = Debug|Any CPU
		{EA32B868-402D-4E49-AE44-8F44706F74B1}.Release|Any CPU.ActiveCfg = Release|Any CPU
		{EA32B868-402D-4E49-AE44-8F44706F74B1}.Release|Any CPU.Build.0 = Release|Any CPU
		{EA32B868-402D-4E49-AE44-8F44706F74B1}.Release|x64.ActiveCfg = Release|Any CPU
		{EA32B868-402D-4E49-AE44-8F44706F74B1}.Release|x64.Build.0 = Release|Any CPU
		{EA32B868-402D-4E49-AE44-8F44706F74B1}.Release|x86.ActiveCfg = Release|Any CPU
		{EA32B868-402D-4E49-AE44-8F44706F74B1}.Release|x86.Build.0 = Release|Any CPU
		{FD3A5621-0E8E-4404-B4B8-F62608790D86}.Debug|Any CPU.ActiveCfg = Debug|Any CPU
		{FD3A5621-0E8E-4404-B4B8-F62608790D86}.Debug|Any CPU.Build.0 = Debug|Any CPU
		{FD3A5621-0E8E-4404-B4B8-F62608790D86}.Debug|x64.ActiveCfg = Debug|Any CPU
		{FD3A5621-0E8E-4404-B4B8-F62608790D86}.Debug|x64.Build.0 = Debug|Any CPU
		{FD3A5621-0E8E-4404-B4B8-F62608790D86}.Debug|x86.ActiveCfg = Debug|Any CPU
		{FD3A5621-0E8E-4404-B4B8-F62608790D86}.Debug|x86.Build.0 = Debug|Any CPU
		{FD3A5621-0E8E-4404-B4B8-F62608790D86}.Release|Any CPU.ActiveCfg = Release|Any CPU
		{FD3A5621-0E8E-4404-B4B8-F62608790D86}.Release|Any CPU.Build.0 = Release|Any CPU
		{FD3A5621-0E8E-4404-B4B8-F62608790D86}.Release|x64.ActiveCfg = Release|Any CPU
		{FD3A5621-0E8E-4404-B4B8-F62608790D86}.Release|x64.Build.0 = Release|Any CPU
		{FD3A5621-0E8E-4404-B4B8-F62608790D86}.Release|x86.ActiveCfg = Release|Any CPU
		{FD3A5621-0E8E-4404-B4B8-F62608790D86}.Release|x86.Build.0 = Release|Any CPU
	EndGlobalSection
	GlobalSection(SolutionProperties) = preSolution
		HideSolutionNode = FALSE
	EndGlobalSection
	GlobalSection(ExtensibilityGlobals) = postSolution
		SolutionGuid = {339573ED-4417-48E7-A437-BC3549DD7DD3}
		RESX_SaveFilesImmediatelyUponChange = False
	EndGlobalSection
EndGlobal
